version = 1
revision = 1
requires-python = "==3.12.*"

[[package]]
name = "annotated-doc"
version = "0.0.5"
source = { registry = "https://pypi.org/simple" }
sdist = { url = "https://files.pythonhosted.org/packages/5a/8e/38aa427ed5402449e226975b649c5dc73ccadfefeb95e6aecb8f8ea4b6b6/annotated_doc-0.0.5.tar.gz", hash = "sha256:c7e58ce09192557605d8bbd92836d7e1d520ac9580096042c0bfd197efacf1bb", size = 10758 }
wheels = [
    { url = "https://files.pythonhosted.org/packages/3e/30/e900b21425a860e195f32e37657aa1f7c7f2b1bfb26f03ca209b90933c06/annotated_doc-0.0.5-py3-none-any.whl", hash = "sha256:117bac03a25ede5df5440e855b32d556049ca169ead221505badf432fed4b101", size = 5302 },
]

[[package]]
name = "annotated-types"
version = "0.8.0"
source = { registry = "https://pypi.org/simple" }
sdist = { url = "https://files.pythonhosted.org/packages/5f/56/a8120250d128bed162cd73c76d45f6ef9991f3e068f62a8ee060afa3104a/annotated_types-0.8.0.tar.gz", hash = "sha256:13b2beaad985e05e2d6407ee4c4f35590b11f8d693a258a561055cac8f64cab7", size = 15893 }
wheels = [
    { url = "https://files.pythonhosted.org/packages/99/91/8acff4f5e50511b911bbccb72b8628a49c68ce14148cd9f6431094859a90/annotated_types-0.8.0-py3-none-any.whl", hash = "sha256:f072f4d804ea359e4eaf198b1af7a8b0943881a87f31bb764f8bf219bb9419e0", size = 13427 },
]

[[package]]
name = "anyio"
version = "4.15.1"
source = { registry = "https://pypi.org/simple" }
dependencies = [
    { name = "idna" },
    { name = "typing-extensions" },
]
sdist = { url = "https://files.pythonhosted.org/packages/a9/d2/f4d173e22df740bc37b1db102b386ba719b66e95b0f0d751f556b387e6d2/anyio-4.15.1.tar.gz", hash = "sha256:9f28306018cbd6d329e64a36d58256edff76dd996fe423bc957326e578b82a94", size = 276966 }
wheels = [
    { url = "https://files.pythonhosted.org/packages/12/b8/4bd346e22b28902df4d651910f5242c28d84e4a5c2435ca5c3f797ed7e2e/anyio-4.15.1-py3-none-any.whl", hash = "sha256:6152fdbbf9a77fdec97731721bebf7c4c44f7c29b424b0065826173efc7ed101", size = 132079 },
]

[[package]]
name = "certifi"
version = "2026.7.22"
source = { registry = "https://pypi.org/simple" }
sdist = { url = "https://files.pythonhosted.org/packages/a3/c2/24167ea9858356b47a87a50d39908bfdb72ceeefe0041586e704e5376b3a/certifi-2026.7.22.tar.gz", hash = "sha256:741e2c3b351ddf169a738da9f2c048608ff7f2c5cc02f1ebc6b118bb090d5d55", size = 138112 }
wheels = [
    { url = "https://files.pythonhosted.org/packages/0b/a7/71ac2cff56fec219ed242bb11b8efb69fcc4bec75db06fb7bfe35de520e6/certifi-2026.7.22-py3-none-any.whl", hash = "sha256:62f22742b58a1a33014a2b6b706588a8d7e2a88ae7bd1a6ebe8c992928483775", size = 136983 },
]

[[package]]
name = "click"
version = "8.5.0"
source = { registry = "https://pypi.org/simple" }
sdist = { url = "https://files.pythonhosted.org/packages/c7/0e/7fa0ef50764b67090eca4114772a2abf8b6148198475e54c660b97caeee6/click-8.5.0.tar.gz", hash = "sha256:ba0d2089de75ea0310e2dde03160e6ca10009947fb95a182f9b54021bb272e34", size = 382235 }
wheels = [
    { url = "https://files.pythonhosted.org/packages/58/50/6c0d534c5f134586a8e1ba4e330569e32f057e33372ae556463212fb4cd3/click-8.5.0-py3-none-any.whl", hash = "sha256:255bc9599cf7748b4b1a446ccc735421bd08a2ae529a8b88597d3de5664ee360", size = 125251 },
]

[[package]]
name = "colorama"
version = "0.4.6"
source = { registry = "https://pypi.org/simple" }
sdist = { url = "https://files.pythonhosted.org/packages/d8/53/6f443c9a4a8358a93a6792e2acffb9d9d5cb0a5cfd8802644b7b1c9a02e4/colorama-0.4.6.tar.gz", hash = "sha256:08695f5cb7ed6e0531a20572697297273c47b8cae5a63ffc6d6ed5c201be6e44", size = 27697 }
wheels = [
    { url = "https://files.pythonhosted.org/packages/d1/d6/3965ed04c63042e047cb6a3e6ed1a63a35087b6a609aa3a15ed8ac56c221/colorama-0.4.6-py2.py3-none-any.whl", hash = "sha256:4f1d9991f5acc0ca119f9d443620b77f9d6b33703e51011c16baf57afb285fc6", size = 25335 },
]

[[package]]
name = "exhibit"
version = "0.1.0"
source = { editable = "." }
dependencies = [
    { name = "fastapi" },
    { name = "pigreward-repro" },
    { name = "pillow" },
    { name = "uvicorn" },
]

[package.dev-dependencies]
dev = [
    { name = "httpx" },
    { name = "playwright" },
    { name = "pytest" },
    { name = "ruff" },
]

[package.metadata]
requires-dist = [
    { name = "fastapi", specifier = ">=0.115,<1" },
    { name = "pigreward-repro", editable = "../pigreward-repro" },
    { name = "pillow", specifier = ">=11" },
    { name = "uvicorn", specifier = ">=0.34,<1" },
]

[package.metadata.requires-dev]
dev = [
    { name = "httpx", specifier = ">=0.28,<1" },
    { name = "playwright", specifier = ">=1.58,<2" },
    { name = "pytest", specifier = ">=8,<10" },
    { name = "ruff", specifier = ">=0.16.8" },
]

[[package]]
name = "fastapi"
version = "0.141.1"
source = { registry = "https://pypi.org/simple" }
dependencies = [
    { name = "annotated-doc" },
    { name = "pydantic" },
    { name = "starlette" },
    { name = "typing-extensions" },
    { name = "typing-inspection" },
]
sdist = { url = "https://files.pythonhosted.org/packages/8a/02/91e3416a8fdd715abb903a952a6bec7cdd8d14eed55d415fc8595524c319/fastapi-0.141.1.tar.gz", hash = "sha256:e8822fc40db1e1858054d7a949a888695bc9bdce70139178e33bd2871a453ca1", size = 425799 }
wheels = [
    { url = "https://files.pythonhosted.org/packages/cb/03/10388a42375ee7e4ac9b94eb2c5c569c8b5795e377e701c9ac3ad63de890/fastapi-0.141.1-py3-none-any.whl", hash = "sha256:bfb91aa2d334c61cb35ba9a116fc123b3d3df31640b801cf57a7a78ec3f603b3", size = 131954 },
]

[[package]]
name = "greenlet"
version = "3.5.6"
source = { registry = "https://pypi.org/simple" }
sdist = { url = "https://files.pythonhosted.org/packages/3e/6e/0091f175ccd02b02bc8811bbcbcc6ac2e980be116e3b2f7a736ca322bf84/greenlet-3.5.6.tar.gz", hash = "sha256:8e67c43bdfc88d5fee6db0d3e40175b362fc95fb85f0412d233b9b203c53a575", size = 207653 }
wheels = [
    { url = "https://files.pythonhosted.org/packages/72/18/3fc6d951466ae9a2a688edcddde3b2e388da0a8244e0caf7117bbeb0eb95/greenlet-3.5.6-cp312-cp312-macosx_11_0_universal2.whl", hash = "sha256:a5876d0a60355af98d535c47f6cd6eb0f8a432396dab26845d380b92f8412422", size = 295668 },
    { url = "https://files.pythonhosted.org/packages/27/89/366d2af5061eeefa5012f510d95a99c8620dcc457609838db4d538820318/greenlet-3.5.6-cp312-cp312-manylinux_2_24_aarch64.manylinux_2_28_aarch64.whl", hash = "sha256:e85880b538e59a59f55117b81f208a6660ad5ac328aad9305f812d9b8bc67a0f", size = 611700 },
    { url = "https://files.pythonhosted.org/packages/54/1c/07f133f865fd58ae593dd2bbec3144acaee9b04ffe2eb48c6e121747ceef/greenlet-3.5.6-cp312-cp312-manylinux_2_24_ppc64le.manylinux_2_28_ppc64le.whl", hash = "sha256:f0ba7c2a329d650628f4c8572fd1db29f0a59dd70a3e3e0710dcf18a35cce9d8", size = 624223 },
    { url = "https://files.pythonhosted.org/packages/a7/f2/844dc823ff2752ad049caa6b59d57e4572f9c445934b02d3518f4c67197c/greenlet-3.5.6-cp312-cp312-manylinux_2_24_s390x.manylinux_2_28_s390x.whl", hash = "sha256:ee7d9da3bf493909cf811a3f038840cb34fab5ae2956b8a263919f6e289ab188", size = 629529 },
    { url = "https://files.pythonhosted.org/packages/66/6a/1594f3869c57c149abdb380492529e04d4c0229b5e4d79572c5bd0aaa673/greenlet-3.5.6-cp312-cp312-manylinux_2_24_x86_64.manylinux_2_28_x86_64.whl", hash = "sha256:975736b002ed080d124cf81a79cb7e05cb26d6b3f5c7a7b651c0fcce70353aa1", size = 621404 },
    { url = "https://files.pythonhosted.org/packages/c0/42/b1f8dbc89a53b9e77859fc1ad1627d106fc361daa3ea4bdf43a91ebb4338/greenlet-3.5.6-cp312-cp312-manylinux_2_39_riscv64.whl", hash = "sha256:71890d5247020c25c21a6b65202782bfc281d4e6e244842419d30e3492bb6dcc", size = 432385 },
    { url = "https://files.pythonhosted.org/packages/a2/f5/33e5c9e48178b9259fd000f8f45caa4a65036f65d3d0c06a602f570f025d/greenlet-3.5.6-cp312-cp312-musllinux_1_2_aarch64.whl", hash = "sha256:0616b8f878098c5681fd8f0dc92d887551717402342a70f0abcbfea5f5ad8a44", size = 1584998 },
    { url = "https://files.pythonhosted.org/packages/ef/31/9b4e140bc24d0ad7927ebd651f5608b0acc2334d061748c3b6ad19085cfa/greenlet-3.5.6-cp312-cp312-musllinux_1_2_x86_64.whl", hash = "sha256:3dbb4596a6a4e5d47121a33ff20533a81e60f302d9e67b69909a8bc21a43f0a7", size = 1647568 },
    { url = "https://files.pythonhosted.org/packages/c3/71/d79f1791f824f8ff15c2978746640467ae932a2365e0201069f7f272395f/greenlet-3.5.6-cp312-cp312-win_amd64.whl", hash = "sha256:7ac4abb3877c43af320392c664774eef6fa2cc063c79a55fc02d844a3cbe7395", size = 324203 },
    { url = "https://files.pythonhosted.org/packages/63/af/42aca4d56e8cb321912203069d8d34734cb288222f10ad2ae102718cc577/greenlet-3.5.6-cp312-cp312-win_arm64.whl", hash = "sha256:301102a49120b095e72a7838792b41233975fc1c155daec6d98f81c00c9280e0", size = 308310 },
]

[[package]]
name = "h11"
version = "0.16.0"
source = { registry = "https://pypi.org/simple" }
sdist = { url = "https://files.pythonhosted.org/packages/01/ee/02a2c011bdab74c6fb3c75474d40b3052059d95df7e73351460c8588d963/h11-0.16.0.tar.gz", hash = "sha256:4e35b956cf45792e4caa5885e69fba00bdbc6ffafbfa020300e549b208ee5ff1", size = 101250 }
wheels = [
    { url = "https://files.pythonhosted.org/packages/04/4b/29cac41a4d98d144bf5f6d33995617b185d14b22401f75ca86f384e87ff1/h11-0.16.0-py3-none-any.whl", hash = "sha256:63cf8bbe7522de3bf65932fda1d9c2772064ffb3dae62d55932da54b31cb6c86", size = 37515 },
]

[[package]]
name = "httpcore"
version = "1.0.9"
source = { registry = "https://pypi.org/simple" }
dependencies = [
    { name = "certifi" },
    { name = "h11" },
]
sdist = { url = "https://files.pythonhosted.org/packages/06/94/82699a10bca87a5556c9c59b5963f2d039dbd239f25bc2a63907a05a14cb/httpcore-1.0.9.tar.gz", hash = "sha256:6e34463af53fd2ab5d807f399a9b45ea31c3dfa2276f15a2c3f00afff6e176e8", size = 85484 }
wheels = [
    { url = "https://files.pythonhosted.org/packages/7e/f5/f66802a942d491edb555dd61e3a9961140fd64c90bce1eafd741609d334d/httpcore-1.0.9-py3-none-any.whl", hash = "sha256:2d400746a40668fc9dec9810239072b40b4484b640a8c38fd654a024c7a1bf55", size = 78784 },
]

[[package]]
name = "httpx"
version = "0.28.1"
source = { registry = "https://pypi.org/simple" }
dependencies = [
    { name = "anyio" },
    { name = "certifi" },
    { name = "httpcore" },
    { name = "idna" },
]
sdist = { url = "https://files.pythonhosted.org/packages/b1/df/48c586a5fe32a0f01324ee087459e112ebb7224f646c0b5023f5e79e9956/httpx-0.28.1.tar.gz", hash = "sha256:75e98c5f16b0f35b567856f597f06ff2270a374470a5c2392242528e3e3e42fc", size = 141406 }
wheels = [
    { url = "https://files.pythonhosted.org/packages/2a/39/e50c7c3a983047577ee07d2a9e53faf5a69493943ec3f6a384bdc792deb2/httpx-0.28.1-py3-none-any.whl", hash = "sha256:d909fcccc110f8c7faf814ca82a9a4d816bc5a6dbfea25d6591d6985b8ba59ad", size = 73517 },
]

[[package]]
name = "idna"
version = "3.20"
source = { registry = "https://pypi.org/simple" }
sdist = { url = "https://files.pythonhosted.org/packages/f5/08/8eea9d4b8302028f3abb2c0813953f7aec26d33b7a8960ed760e65ff29fa/idna-3.20.tar.gz", hash = "sha256:a7db850025b95ded1eae8a46181a1a6c56c92c96f0e2b005d9ff8dc0210cab44", size = 216463 }
wheels = [
    { url = "https://files.pythonhosted.org/packages/58/a2/bb081bab032533a855d44de1d56f8e8426114ff1ba5d1f07a438a0a654f8/idna-3.20-py3-none-any.whl", hash = "sha256:ab7ae7122974553370f0bdb919e1a960b2cd1bc1ef0276416d896db81c14582c", size = 69583 },
]

[[package]]
name = "iniconfig"
version = "2.3.0"
source = { registry = "https://pypi.org/simple" }
sdist = { url = "https://files.pythonhosted.org/packages/72/34/14ca021ce8e5dfedc35312d08ba8bf51fdd999c576889fc2c24cb97f4f10/iniconfig-2.3.0.tar.gz", hash = "sha256:c76315c77db068650d49c5b56314774a7804df16fee4402c1f19d6d15d8c4730", size = 20503 }
wheels = [
    { url = "https://files.pythonhosted.org/packages/cb/b1/3846dd7f199d53cb17f49cba7e651e9ce294d8497c8c150530ed11865bb8/iniconfig-2.3.0-py3-none-any.whl", hash = "sha256:f631c04d2c48c52b84d0d0549c99ff3859c98df65b3101406327ecc7d53fbf12", size = 7484 },
]

[[package]]
name = "packaging"
version = "26.3"
source = { registry = "https://pypi.org/simple" }
sdist = { url = "https://files.pythonhosted.org/packages/7d/fa/3944b40b07da9ce895c0e6303a5ab7d53da063554f534556b134a54d6093/packaging-26.3.tar.gz", hash = "sha256:94edc256424af38762eb31306eed28beb9f0efc50a8837492c9d6fd6004aed79", size = 313412 }
wheels = [
    { url = "https://files.pythonhosted.org/packages/63/34/ba1c580383c9eada3711951fef0795c80b829a078d72188184bcab9dd527/packaging-26.3-py3-none-any.whl", hash = "sha256:d7193f7c8e4e93f444fde0262bf90af30e16fa0ad0ad44cb553c87339b23cd1c", size = 129956 },
]

[[package]]
name = "pigreward-repro"
version = "0.1.0"
source = { editable = "../pigreward-repro" }

[[package]]
name = "pillow"
version = "12.3.0"
source = { registry = "https://pypi.org/simple" }
sdist = { url = "https://files.pythonhosted.org/packages/1c/3d/bb7fca845737cf9d7dbde16ed1843984665ff2e0a518f5db43e77ec540b9/pillow-12.3.0.tar.gz", hash = "sha256:3b8182a766685eaa002637e28b4ec8d6b18819a0c71f579bf0dbaa5830297cce", size = 47025035 }
wheels = [
    { url = "https://files.pythonhosted.org/packages/37/bf/fb3ebff8ddcb76aac5a01389251bbbb9519922a9b520d8247c1ca864a25d/pillow-12.3.0-cp312-cp312-macosx_10_13_x86_64.whl", hash = "sha256:ba09209fbe443b4acccebe845d8a138b89a8f4fbaeedd44953490b5315d5e965", size = 5345969 },
    { url = "https://files.pythonhosted.org/packages/d8/66/9a386a92561f402389a4fc70c18838bf6d35eb5eb5c6850b4b2dc64f5048/pillow-12.3.0-cp312-cp312-macosx_11_0_arm64.whl", hash = "sha256:ffd0c5368496f41b0944be820fcb7a838aa6e623d250b01acf2643939c3f99d7", size = 4780323 },
    { url = "https://files.pythonhosted.org/packages/25/27/ac8f99618ffd3dde21db0f4d4b1d2ab00c0880595bfd17df103f7f39fd0c/pillow-12.3.0-cp312-cp312-manylinux_2_27_aarch64.manylinux_2_28_aarch64.whl", hash = "sha256:d9c7f76c0673154f044e9d78c8655fb4213f6ca31a836df48b40fe5d187717b9", size = 6266838 },
    { url = "https://files.pythonhosted.org/packages/84/21/a35af28dcc61f37ed850a2d64c65c701321dfbf25085e469d5559360cbbf/pillow-12.3.0-cp312-cp312-manylinux_2_27_x86_64.manylinux_2_28_x86_64.whl", hash = "sha256:78cb2c6865a35ab8ff8b75fd122f6033b92a62c82801110e48ddd6c936a45d91", size = 6940830 },
    { url = "https://files.pythonhosted.org/packages/eb/51/8b08617af3ad95e33ce6d7dd2c99ed6c8298f7fb131636303956be022e25/pillow-12.3.0-cp312-cp312-musllinux_1_2_aarch64.whl", hash = "sha256:e491916b378fba47242221bb9ead245211b70d504f495d105d17b14a24b4907c", size = 6344383 },
    { url = "https://files.pythonhosted.org/packages/1d/72/cf78ac9780bb93c28328f408973845a309d4d145041665f734572ced1b52/pillow-12.3.0-cp312-cp312-musllinux_1_2_x86_64.whl", hash = "sha256:0dd2064cbc55aaec028ef5fbb60fa47bb6c3e7918e07ff17935284b227a9d2df", size = 7052934 },
    { url = "https://files.pythonhosted.org/packages/20/20/25e0f4dc178a6bc0696793720055519a0de89e7661dae886992decbd2f81/pillow-12.3.0-cp312-cp312-win32.whl", hash = "sha256:dbce0b29841537a2fa4a214c2bbf14de3587c9680caa9b4e217568472490b28f", size = 6472684 },
    { url = "https://files.pythonhosted.org/packages/45/89/da2f7971a317f83d807fdd4065c0af40208e59e692cc43d315a71a0e96d1/pillow-12.3.0-cp312-cp312-win_amd64.whl", hash = "sha256:a2b55dd6b2a4c4b7d87ffa56bdb33fdc5fdb9a462173861a7bc097f17d91cb09", size = 7227137 },
    { url = "https://files.pythonhosted.org/packages/de/47/4845a0a6c0dbf1db8456bd9fc791f13c5ced7ced20606d08a0aacfd25b49/pillow-12.3.0-cp312-cp312-win_arm64.whl", hash = "sha256:331b624368d4f1d069149002f25f44bc61c8919ce8ddb3c45bdad8f6e2d89510", size = 2568267 },
]

[[package]]
name = "playwright"
version = "1.63.0"
source = { registry = "https://pypi.org/simple" }
dependencies = [
    { name = "greenlet" },
    { name = "pyee" },
]
wheels = [
    { url = "https://files.pythonhosted.org/packages/19/dd/fbb3d34228ad753bc14464d5f2252585b73367539775a88d0a3949cf5a45/playwright-1.63.0-py3-none-macosx_10_13_x86_64.whl", hash = "sha256:84c540759e8e7f01e690e197e04060f48899d37cea322299f255843273d3385d", size = 44278407 },
    { url = "https://files.pythonhosted.org/packages/f5/9a/948b930b1a8c4ee869e5a139a2b7747caa06aab56a3f09a2f0abdcbda221/playwright-1.63.0-py3-none-macosx_11_0_arm64.whl", hash = "sha256:fd1aa00631d44d55e56e0975bf3f3f285fac4a9fd2813183f0c12a488f1a1b24", size = 42944679 },
    { url = "https://files.pythonhosted.org/packages/94/11/dc5c13fa1602371603acd461be47529c1b3513815d3a0dc98f642c291a10/playwright-1.63.0-py3-none-macosx_11_0_universal2.whl", hash = "sha256:c89fc4736502a1f0fac2c8ca5d10c0cbc1c669f1f4774a2d8507a43140e4d53f", size = 44278410 },
    { url = "https://files.pythonhosted.org/packages/27/9c/103a5037789062bdab27c7dca53f3ca6b075b572ab2cd96eec825b3aec4e/playwright-1.63.0-py3-none-manylinux1_x86_64.whl", hash = "sha256:ad21bc07516b187965a7521c5cf0df0bd657b17482eaad74335272d35a2b07de", size = 48217159 },
    { url = "https://files.pythonhosted.org/packages/f3/82/3d85505284c5a210f2da6c07b8f757524e79d1fba9cfdafe1eafb766ae59/playwright-1.63.0-py3-none-manylinux_2_17_aarch64.manylinux2014_aarch64.whl", hash = "sha256:354e15b29503565fc598b89f16fbe070459343bef9d7498a93e304864000c6a7", size = 47902708 },
    { url = "https://files.pythonhosted.org/packages/69/8d/f74ff6b52751859f4b69caf66aa7d4a3c8d6c1f0c7dc9920da103612ee39/playwright-1.63.0-py3-none-win32.whl", hash = "sha256:660c00c62639e31b16700ba5456b351ddba55bb766b7ce8261223aa34928e482", size = 38606075 },
    { url = "https://files.pythonhosted.org/packages/76/eb/d6b8d92658038e260dbc7dd69fb3fdbe245aac283953de8b50b02bfe5f61/playwright-1.63.0-py3-none-win_amd64.whl", hash = "sha256:2f9a707a6c6c91157ed77bff2b8caeb04b3c8d46e70d585fc134298cbe4b5cc6", size = 38606082 },
    { url = "https://files.pythonhosted.org/packages/be/75/2432b3e3c7c62103b72d4c4cc8b16a56383ada372bbb0d1278591e988f71/playwright-1.63.0-py3-none-win_arm64.whl", hash = "sha256:1e4a3a838ce22fb68ad17193fcd142a19610d9d70fb9966d2239f5dddc0cc05b", size = 34523554 },
]

[[package]]
name = "pluggy"
version = "1.6.0"
source = { registry = "https://pypi.org/simple" }
sdist = { url = "https://files.pythonhosted.org/packages/f9/e2/3e91f31a7d2b083fe6ef3fa267035b518369d9511ffab804f839851d2779/pluggy-1.6.0.tar.gz", hash = "sha256:7dcc130b76258d33b90f61b658791dede3486c3e6bfb003ee5c9bfb396dd22f3", size = 69412 }
wheels = [
    { url = "https://files.pythonhosted.org/packages/54/20/4d324d65cc6d9205fabedc306948156824eb9f0ee1633355a8f7ec5c66bf/pluggy-1.6.0-py3-none-any.whl", hash = "sha256:e920276dd6813095e9377c0bc5566d94c932c33b27a3e3945d8389c374dd4746", size = 20538 },
]

[[package]]
name = "pydantic"
version = "2.13.5"
source = { registry = "https://pypi.org/simple" }
dependencies = [
    { name = "annotated-types" },
    { name = "pydantic-core" },
    { name = "typing-extensions" },
    { name = "typing-inspection" },
]
sdist = { url = "https://files.pythonhosted.org/packages/53/ef/fc4f868f4e2cee79f863883abffceff107875f569b848507319842d2a681/pydantic-2.13.5.tar.gz", hash = "sha256:51a9c5f7b2f8e636f04c6cada605d9b6a3bf1348fdf945a3d8869b19bba0ee08", size = 845750 }
wheels = [
    { url = "https://files.pythonhosted.org/packages/eb/47/c95ffc2009878c7aac0c5e08528022dcb885933252a88b5f170058014464/pydantic-2.13.5-py3-none-any.whl", hash = "sha256:346a034f080da3755d8e9cb5e00e8b07de1d39e4f6e2c87d8ab7cafa0b269a73", size = 472589 },
]

[[package]]
name = "pydantic-core"
version = "2.46.5"
source = { registry = "https://pypi.org/simple" }
dependencies = [
    { name = "typing-extensions" },
]
sdist = { url = "https://files.pythonhosted.org/packages/af/f9/8a06bea35ef8daf588f707784c973a7046e0034c8d8cfb08828eeffb8b75/pydantic_core-2.46.5.tar.gz", hash = "sha256:10416c15b8839ecc4ef4d0885da76da6fd0f67333a0eb8aff6d93c4b8f2910fc", size = 472262 }
wheels = [
    { url = "https://files.pythonhosted.org/packages/82/3f/76358795aa7a8c6d4f36e2cb828ad1c90ee118e1393a9281664f5aade9d4/pydantic_core-2.46.5-cp312-cp312-macosx_10_12_x86_64.whl", hash = "sha256:b9fe6fb92520e3fd61f2e49000b6911b188824f089b75973ea06d6267f0b476d", size = 2076516 },
    { url = "https://files.pythonhosted.org/packages/db/50/26b091836076ce4cb2fac264186936acc069e0595772cfd02a563bc4761a/pydantic_core-2.46.5-cp312-cp312-macosx_11_0_arm64.whl", hash = "sha256:a39ac25a9a2fa4072efdb429833c4a4c8009a51ff9eea3eeae131713cd27991e", size = 1922874 },
    { url = "https://files.pythonhosted.org/packages/09/f0/2a8ce3849e299d44e2d2c196b6082643a3235565a735cb51db7a6261f614/pydantic_core-2.46.5-cp312-cp312-manylinux_2_17_aarch64.manylinux2014_aarch64.whl", hash = "sha256:4fdc8b93a41521988916eeaa271173fcca7fa0803d62f87675aac8dcec1c8e29", size = 1951772 },
    { url = "https://files.pythonhosted.org/packages/87/46/ac0dc8bdd9e6048183a14eb127764e7ad9240021c17513074a4711b0e31e/pydantic_core-2.46.5-cp312-cp312-manylinux_2_17_armv7l.manylinux2014_armv7l.whl", hash = "sha256:b98134087d9de723658d17a42c7d0da8d6e2ef08015dee7dc93889047315f5e4", size = 2031832 },
    { url = "https://files.pythonhosted.org/packages/c4/c2/339de5bef7be36301a2231eaa52e62163742c2281f11b5f4892bc79785cd/pydantic_core-2.46.5-cp312-cp312-manylinux_2_17_ppc64le.manylinux2014_ppc64le.whl", hash = "sha256:e652ab17569c94bff5475520f907b7148b8c24036a8ebbe5cf7cf7493d28579a", size = 2208645 },
    { url = "https://files.pythonhosted.org/packages/7b/a0/9ff22b797724262da14427abaed4dd1d864a139693fc5e7809114376a716/pydantic_core-2.46.5-cp312-cp312-manylinux_2_17_s390x.manylinux2014_s390x.whl", hash = "sha256:d925f3d9afd05a8c0fb3a1031463a8d59ebe5e2afad297e29c78be19e13b4e62", size = 2265935 },
    { url = "https://files.pythonhosted.org/packages/c0/a4/eb9409ec0736e50aa70a412f16c204ed149516846912f7e6724d4c73ee53/pydantic_core-2.46.5-cp312-cp312-manylinux_2_17_x86_64.manylinux2014_x86_64.whl", hash = "sha256:0fc5be0abd4a407e200d844b404e33639a554e7bd0d448e7b9ae181be4789ac2", size = 2066284 },
    { url = "https://files.pythonhosted.org/packages/c0/02/7f6156ffc926857f1c37c07d9a388682865a81830ab6a1b637082c25e399/pydantic_core-2.46.5-cp312-cp312-manylinux_2_31_riscv64.whl", hash = "sha256:816ff0a6550ffc06c098ccd2e0698600f9aa7da192a79eaa6f9af504a35db869", size = 2105889 },
    { url = "https://files.pythonhosted.org/packages/92/b1/e781d357ebe09fc929f995700f1b3503e8897f1cece183ecb1300d4d67e9/pydantic_core-2.46.5-cp312-cp312-manylinux_2_5_i686.manylinux1_i686.whl", hash = "sha256:c7ea57fc63aa7da93a1bd2d644e6577befae10c52c4e36377635eea1056a74f5", size = 2158006 },
    { url = "https://files.pythonhosted.org/packages/70/0a/644597d84ab400e50609c192120b85c9681c22d3a20461b9060a79be0a7a/pydantic_core-2.46.5-cp312-cp312-musllinux_1_1_aarch64.whl", hash = "sha256:efd62a42486f1bda5d24cb4f63d15a3c7768375fe83d36f9417b4ad7a2fb20b3", size = 2158408 },
    { url = "https://files.pythonhosted.org/packages/1e/ee/ca3b7b3a4b3769ffe9ce9432a7c9be755de9593a46d3b0d54d0409323e44/pydantic_core-2.46.5-cp312-cp312-musllinux_1_1_armv7l.whl", hash = "sha256:2bc9419666990c06d7397831f2126a1ecc3594aaa3ff7de5bf2d066802f4e07b", size = 2309609 },
    { url = "https://files.pythonhosted.org/packages/ce/52/39fa1f451486019524ca685020390e7ca351832fd874530ba30c8628e6dc/pydantic_core-2.46.5-cp312-cp312-musllinux_1_1_x86_64.whl", hash = "sha256:18a09e1e1011b462f2e32774f25859ef1223d5c2b0546a633cf56654710721e0", size = 2342618 },
    { url = "https://files.pythonhosted.org/packages/81/5e/468fc630568c61dcef3cd47ad32ffbeed9af643f49208d1ea86ab4f890c4/pydantic_core-2.46.5-cp312-cp312-win32.whl", hash = "sha256:5cb482e9e84c851f4e623fe4acc1ced89168cf1fe18f7089db4548c8f5bbb65b", size = 1939475 },
    { url = "https://files.pythonhosted.org/packages/cf/c9/4c19f41b84cf6b622a72fbeed7665b25d47a187d68d47d0d430c07f23268/pydantic_core-2.46.5-cp312-cp312-win_amd64.whl", hash = "sha256:5e81740c09e310f5aa5cbd3e434a01c154d4bef93241c7877b39f211d2b78ba8", size = 2043140 },
    { url = "https://files.pythonhosted.org/packages/af/dd/0c1a050299147c746e5256db16d645ab5efd4f78c59937d581a0524e74a2/pydantic_core-2.46.5-cp312-cp312-win_arm64.whl", hash = "sha256:f7b0ec93a2893de856652154d73b7ba622f26fa97726487dcac373de5f4c6084", size = 1997729 },
    { url = "https://files.pythonhosted.org/packages/df/dd/053c2e4303f791f3b8f8a14ab0b22008e8eb21d868c0c90b4f9be705b76a/pydantic_core-2.46.5-graalpy312-graalpy250_312_native-macosx_10_12_x86_64.whl", hash = "sha256:013d6f3483d81e02e7c328831808f336c8596ee33b4bd4026b9ffb1e960b8942", size = 2062540 },
    { url = "https://files.pythonhosted.org/packages/d7/dd/a18df751a5e37dd51bfad7f68e766999125bebe68c9e1d10a493ad01bd63/pydantic_core-2.46.5-graalpy312-graalpy250_312_native-macosx_11_0_arm64.whl", hash = "sha256:e9c134bb666dd54b778b9fc0d2b50cbb7f979b9e3716f26a88c9ab3b6fc1dd0f", size = 1902040 },
    { url = "https://files.pythonhosted.org/packages/b7/13/01d40f9d07ce8a779fd6e0bd8ad4fba91309500dd67b869e2e219d261a6d/pydantic_core-2.46.5-graalpy312-graalpy250_312_native-manylinux_2_17_aarch64.manylinux2014_aarch64.whl", hash = "sha256:347ec774390c87326a2e4929d58d3f7e8763a104d5d35f4cd595a4c952366433", size = 1967479 },
    { url = "https://files.pythonhosted.org/packages/fa/04/c81d4841331c2178b6fb09ae225425e110ed72d990c9fe556c4ec03d1013/pydantic_core-2.46.5-graalpy312-graalpy250_312_native-manylinux_2_17_x86_64.manylinux2014_x86_64.whl", hash = "sha256:8e24d8f05fa2d28513d94e877e9c75ad66175376209b3977f916e240e623193c", size = 2111034 },
]

[[package]]
name = "pyee"
version = "13.0.1"
source = { registry = "https://pypi.org/simple" }
dependencies = [
    { name = "typing-extensions" },
]
sdist = { url = "https://files.pythonhosted.org/packages/8b/04/e7c1fe4dc78a6fdbfd6c337b1c3732ff543b8a397683ab38378447baa331/pyee-13.0.1.tar.gz", hash = "sha256:0b931f7c14535667ed4c7e0d531716368715e860b988770fc7eb8578d1f67fc8", size = 31655 }
wheels = [
    { url = "https://files.pythonhosted.org/packages/a0/c4/b4d4827c93ef43c01f599ef31453ccc1c132b353284fc6c87d535c233129/pyee-13.0.1-py3-none-any.whl", hash = "sha256:af2f8fede4171ef667dfded53f96e2ed0d6e6bd7ee3bb46437f77e3b57689228", size = 15659 },
]

[[package]]
name = "pygments"
version = "2.21.0"
source = { registry = "https://pypi.org/simple" }
sdist = { url = "https://files.pythonhosted.org/packages/49/2e/ced460408999b33da6b31b0021b0f37d329e202d4169aeb164493778f25b/pygments-2.21.0.tar.gz", hash = "sha256:610ca751c9bc2492b38eb9a38a7fbc93edbbb2d7182edaf34e66ae493dee5c8c", size = 5005329 }
wheels = [
    { url = "https://files.pythonhosted.org/packages/71/46/17f022dd3e953bf20a04a028a21ec746d942f8d2af30fa0f124fa0e6a684/pygments-2.21.0-py3-none-any.whl", hash = "sha256:2363c69b61c4a97c838da3b130dcd6468f4848992b21a82f2a63ec34377137d9", size = 1250147 },
]

[[package]]
name = "pytest"
version = "9.1.1"
source = { registry = "https://pypi.org/simple" }
dependencies = [
    { name = "colorama", marker = "sys_platform == 'win32'" },
    { name = "iniconfig" },
    { name = "packaging" },
    { name = "pluggy" },
    { name = "pygments" },
]
sdist = { url = "https://files.pythonhosted.org/packages/e4/47/b9efed96c114afcfa3c9d3fe98a76a1d14c74a9e266d397cf6eb64be5e01/pytest-9.1.1.tar.gz", hash = "sha256:1088fbde8f2b49d95a549a195707afa7a76a3ce9bcadc26b6d71f0ffda5fe313", size = 1636369 }
wheels = [
    { url = "https://files.pythonhosted.org/packages/24/25/1de2678b631f5a49215c6c96fff41ba892b0a34df68d6d80292b1b48aa7f/pytest-9.1.1-py3-none-any.whl", hash = "sha256:37a86b45efb9a47a61a36449063e8e18d0cab3161329fc099eb21783169c4f0c", size = 386536 },
]

[[package]]
name = "ruff"
version = "0.16.8"
source = { registry = "https://pypi.org/simple" }
sdist = { url = "https://files.pythonhosted.org/packages/ba/78/449cb84790bd5cc3823b2652ee405a4558856e5c4195aee3a16bf7b3eb5d/ruff-0.16.8.tar.gz", hash = "sha256:9247bf92b5f04d825c8639a4fe423ec2e4222acd9222e58412b0dab7e442798b", size = 4938814 }
wheels = [
    { url = "https://files.pythonhosted.org/packages/ac/25/6071aabc530e9be7e2c195e8fe3f7aea2735405b6cf447212832d7811831/ruff-0.16.8-py3-none-linux_armv6l.whl", hash = "sha256:6ffbd6d87383c1edf5f6fa890f10200950240d7c1a16052a19a09d3a2307dd38", size = 10048966 },
    { url = "https://files.pythonhosted.org/packages/54/98/07f90ecbc74dd5fb5764f11f2bc774d6a7cffef92d2ff5f5b4e9e23c754e/ruff-0.16.8-py3-none-macosx_10_12_x86_64.whl", hash = "sha256:42ed6b878ed61e3acca92f2730a17acff39286944ea82398544696366a6f925e", size = 10165498 },
    { url = "https://files.pythonhosted.org/packages/fe/1f/e6a712e3b47cad4a40600134105ed193cb773f618a42eb7ba323cb812cc0/ruff-0.16.8-py3-none-macosx_11_0_arm64.whl", hash = "sha256:7ea781c7f2afba8c6a505ea0fb3f994020249e0c450635f5381286fea6b46170", size = 9830004 },
    { url = "https://files.pythonhosted.org/packages/23/f2/311a08776d75d81c7676e20b6b020ae63cbe881fcdc7a8dd64e6e18bdd93/ruff-0.16.8-py3-none-manylinux_2_17_aarch64.manylinux2014_aarch64.whl", hash = "sha256:8efeae3bbe414a5efefda11a792dfb51ef90ac48d50c4830de2f644caf3e8659", size = 9986558 },
    { url = "https://files.pythonhosted.org/packages/f3/ed/37b6cb3d3ba8c73e68ae3eb1d502383beb5aa05a582bb7bb3a922f929f54/ruff-0.16.8-py3-none-manylinux_2_17_armv7l.manylinux2014_armv7l.whl", hash = "sha256:3a79b795469fef7fc6e908b218eed2eb17332afd85031db6480dc864560e69b2", size = 9877332 },
    { url = "https://files.pythonhosted.org/packages/22/cc/40873a8f36ad084cc540d55fcca7077264d5b13b24659e9180c176fb2b08/ruff-0.16.8-py3-none-manylinux_2_17_i686.manylinux2014_i686.whl", hash = "sha256:3fdc5563cdc50555e6fba39322850860e9267c1b3d12c26a74729d8604c3c812", size = 10507125 },
    { url = "https://files.pythonhosted.org/packages/c3/e4/fc91a642b78ccbab6b9477720f3644ae7a10a9bcce69a934679cd64f62bc/ruff-0.16.8-py3-none-manylinux_2_17_ppc64le.manylinux2014_ppc64le.whl", hash = "sha256:34508983c70665578dab88f5223d8e6228307e1135398ca8bfc8b7e9501e282b", size = 11336694 },
    { url = "https://files.pythonhosted.org/packages/c2/3d/bbd2a9a600a4e73dc3e7548a249c8d1671273464b55822c6fae50f602dff/ruff-0.16.8-py3-none-manylinux_2_17_s390x.manylinux2014_s390x.whl", hash = "sha256:644bb578569e0ffc575741232bd385dacdd6fbe123f1a729e7a225f54aa3957f", size = 10774448 },
    { url = "https://files.pythonhosted.org/packages/1a/41/d83af9879a7b6e8bf5fe16b1da0b134049d2f5d3afac12defb0897cb84bd/ruff-0.16.8-py3-none-manylinux_2_17_x86_64.manylinux2014_x86_64.whl", hash = "sha256:15e7d226246961db9235098333caa13063906d3851136b84c2900b82f5daa1df", size = 10323796 },
    { url = "https://files.pythonhosted.org/packages/f5/2c/cefd07bfe914b84943ea769ade8d607bd22750b965d3228eefd7cebd15d0/ruff-0.16.8-py3-none-manylinux_2_31_riscv64.whl", hash = "sha256:a2bf6bc3e9ebdd4449abc6f06cf64b98051a2c61cf94d2fe9596518c881f1a1e", size = 10514115 },
    { url = "https://files.pythonhosted.org/packages/f3/9d/76a2e26c79a23be6e6e3664c57bec9e9fc8de155cfb9e4b67ea91b64f9d7/ruff-0.16.8-py3-none-musllinux_1_2_aarch64.whl", hash = "sha256:6ca111ba0849539165e9e59d2b442542f3c1e8060ebbdea82494f1ffbccb1e1f", size = 10072582 },
    { url = "https://files.pythonhosted.org/packages/2e/d4/f42edddb39668af1a559ceafa3823aedd65633a48dc9768e775485faa2c1/ruff-0.16.8-py3-none-musllinux_1_2_armv7l.whl", hash = "sha256:359a1e5b495448ee1e91018064382ebc86f90e8aac2fed222c7d0e4e8df85fd2", size = 9879644 },
    { url = "https://files.pythonhosted.org/packages/f8/d4/913e3195d95e0378786c6656945c865f534a3560e29139da4882aff630d1/ruff-0.16.8-py3-none-musllinux_1_2_i686.whl", hash = "sha256:59e8f5681349474110b24d62e93cfda6593f5fa3473446ca3705200cac1a08b9", size = 10231569 },
    { url = "https://files.pythonhosted.org/packages/2b/c4/8aa6ea0bdcedbd1bf87397e2fc4ed8406448ea5842f8660bc6e5f163039d/ruff-0.16.8-py3-none-musllinux_1_2_x86_64.whl", hash = "sha256:efa3e7a16d1baaa79957888dfdf8be9ef2e44db81cb032af06d76632ab59e773", size = 10663666 },
    { url = "https://files.pythonhosted.org/packages/3d/02/7f10ef4700bc223c30a3fdd10631a29830c45524b810a3c7ed947af64591/ruff-0.16.8-py3-none-win32.whl", hash = "sha256:55793ba85c69921e89be061426d91a78652d6e50317c962240922747a4eb713f", size = 10093472 },
    { url = "https://files.pythonhosted.org/packages/1e/5d/a509c07d714b6da88f2c518b4637cf6f1d46b074be8f0f1e5fb9ff5126fe/ruff-0.16.8-py3-none-win_amd64.whl", hash = "sha256:a6b85621fd3c81e31fc5f5add09c9c078b430db3595ca632efafdec9e64ebfaa", size = 10586899 },
    { url = "https://files.pythonhosted.org/packages/fe/a0/50787329e4f20bf9dc9f6230015d46ec69c51a97ace5bc202dae4755365d/ruff-0.16.8-py3-none-win_arm64.whl", hash = "sha256:d075e820af612102ce217f07cc93e69f9490b10ec13ea85fa87bd03d996cef8a", size = 10386316 },
]

[[package]]
name = "starlette"
version = "1.6.0"
source = { registry = "https://pypi.org/simple" }
dependencies = [
    { name = "anyio" },
    { name = "typing-extensions" },
]
sdist = { url = "https://files.pythonhosted.org/packages/b5/b4/205b0d5241d934e8add0c38aa924c4f9fb7330834ff11e5444db964ec3f9/starlette-1.6.0.tar.gz", hash = "sha256:d4e3ac5e546444960c710297a3c9fc3f7ebae1b7e963f3d36173b49da535be9b", size = 2716969 }
wheels = [
    { url = "https://files.pythonhosted.org/packages/c8/cb/6a6a47d5b464bd08695d254f3da6e7986cc70c9fa5d778eda57538edfe56/starlette-1.6.0-py3-none-any.whl", hash = "sha256:a86dd39d14bb45f85a3d18525215a9ef0cfd1f192ac793220e72598c90335f0c", size = 75969 },
]

[[package]]
name = "typing-extensions"
version = "4.16.0"
source = { registry = "https://pypi.org/simple" }
sdist = { url = "https://files.pythonhosted.org/packages/f6/cc/6253133b5bb138fc3306cebfbda2c520f545d36b5be2c7255cc528bb45d6/typing_extensions-4.16.0.tar.gz", hash = "sha256:dc983d19a509c94dba722ee6abd33940f7c05a89e243c47e907eb4db6f1a43e5", size = 113555 }
wheels = [
    { url = "https://files.pythonhosted.org/packages/49/d3/b8441a820a491ddfc024b0b0cf0393375b75ea13866d9c66727e54c2fc80/typing_extensions-4.16.0-py3-none-any.whl", hash = "sha256:481caa481374e813c1b176ada14e97f1f67a4539ce9cfeb3f350d78d6370c2e8", size = 45571 },
]

[[package]]
name = "typing-inspection"
version = "0.4.4"
source = { registry = "https://pypi.org/simple" }
dependencies = [
    { name = "typing-extensions" },
]
sdist = { url = "https://files.pythonhosted.org/packages/a3/26/b09b8010994eccc3c09092e6b34058f36a460eea2d4c3e8b910c695975a0/typing_inspection-0.4.4.tar.gz", hash = "sha256:547274fa6b0a561ccf549cc9524b999a578e737d015d8709d021f9d0d13bea47", size = 76928 }
wheels = [
    { url = "https://files.pythonhosted.org/packages/67/81/4add07e5172b7ac40d8ed5ff580409a7801a4fe26d529bdd915401dabfbe/typing_inspection-0.4.4-py3-none-any.whl", hash = "sha256:65b8397ba37ccbce054456aaccddfc91e6e3083c92824df348d96ca832f3f147", size = 14750 },
]

[[package]]
name = "uvicorn"
version = "0.53.0"
source = { registry = "https://pypi.org/simple" }
dependencies = [
    { name = "click" },
    { name = "h11" },
]
sdist = { url = "https://files.pythonhosted.org/packages/5d/ad/04bbb797c84fc1f26cb171f7394716f4865ffb8d8c5e1eef42565c2dfa6b/uvicorn-0.53.0.tar.gz", hash = "sha256:a9356f0cb89b3b8621529c5d5eebd69bfe154f4c3f68b4cf2de47e45fa855c2e", size = 110881 }
wheels = [
    { url = "https://files.pythonhosted.org/packages/76/18/0eea75741ee812e9f598b687619ce2454f6c3a1c5cd21ea990ec6bd26f45/uvicorn-0.53.0-py3-none-any.whl", hash = "sha256:e8dca71ec86dce5f04e333f0d56cdedf942446e6643b9cea1af0d6d3a02cb03e", size = 87081 },
]
